
Microsoft Visual Studio Solution File, Format Version 12.00
# Visual Studio 2012
VisualStudioVersion = 12.0.30723.0
MinimumVisualStudioVersion = 10.0.40219.1
Project("{FAE04EC0-301F-11D3-BF4B-00C04F79EFBC}") = "DVARevocation", "DVARevocation\DVARevocation.csproj", "{7E63B700-247D-4B3A-984F-0596EC30F261}"
EndProject
Project("{FAE04EC0-301F-11D3-BF4B-00C04F79EFBC}") = "DVARevocationUnitTest", "DVARevocationUnitTest\DVARevocationUnitTest.csproj", "{CD4CD358-D244-4380-ADCD-58847C0E1906}"
EndProject
Project("{FAE04EC0-301F-11D3-BF4B-00C04F79EFBC}") = "IDEscrow", "IDEscrow\IDEscrow.csproj", "{B8FD4A07-9E9D-46E7-97C4-0C61D5E30EC2}"
EndProject
Project("{FAE04EC0-301F-11D3-BF4B-00C04F79EFBC}") = "IDEscrowUnitTest", "IDEscrowUnitTest\IDEscrowUnitTest.csproj", "{2CF78191-EFA2-455F-AD07-2F407DE38EFD}"
EndProject
Project("{FAE04EC0-301F-11D3-BF4B-00C04F79EFBC}") = "PolyProof", "PolyProof\PolyProof.csproj", "{915E89EF-0C81-48F3-AB3F-E9567F355CFD}"
EndProject
Project("{FAE04EC0-301F-11D3-BF4B-00C04F79EFBC}") = "PolyProofUnitTests", "PolyProofUnitTests\PolyProofUnitTests.csproj", "{B45E2017-61F8-45A5-999A-43072C5A387F}"
EndProject
Project("{FAE04EC0-301F-11D3-BF4B-00C04F79EFBC}") = "UProveSample", "UProveSample\UProveSample.csproj", "{46E74C02-29FB-4EBB-945A-98DAD73AC1A8}"
EndProject
Project("{FAE04EC0-301F-11D3-BF4B-00C04F79EFBC}") = "UProveCrypto", "UProveCrypto\UProveCrypto.csproj", "{3C8F664A-B85A-4F53-87D9-AC3354085ED0}"
EndProject
Project("{FAE04EC0-301F-11D3-BF4B-00C04F79EFBC}") = "crypto", "crypto\crypto.csproj", "{38872A5F-E87E-4FAD-B109-8EB7B2E6A4A0}"
EndProject
Global
	GlobalSection(SolutionConfigurationPlatforms) = preSolution
		Debug|Any CPU = Debug|Any CPU
		Release|Any CPU = Release|Any CPU
	EndGlobalSection
	GlobalSection(ProjectConfigurationPlatforms) = postSolution
		{2CF78191-EFA2-455F-AD07-2F407DE38EFD}.Debug|Any CPU.ActiveCfg = Debug|Any CPU
		{2CF78191-EFA2-455F-AD07-2F407DE38EFD}.Debug|Any CPU.Build.0 = Debug|Any CPU
		{2CF78191-EFA2-455F-AD07-2F407DE38EFD}.Release|Any CPU.ActiveCfg = Release|Any CPU
		{2CF78191-EFA2-455F-AD07-2F407DE38EFD}.Release|Any CPU.Build.0 = Release|Any CPU
		{38872A5F-E87E-4FAD-B109-8EB7B2E6A4A0}.Debug|Any CPU.ActiveCfg = Debug|Any CPU
		{38872A5F-E87E-4FAD-B109-8EB7B2E6A4A0}.Debug|Any CPU.Build.0 = Debug|Any CPU
		{38872A5F-E87E-4FAD-B109-8EB7B2E6A4A0}.Release|Any CPU.ActiveCfg = Release|Any CPU
		{38872A5F-E87E-4FAD-B109-8EB7B2E6A4A0}.Release|Any CPU.Build.0 = Release|Any CPU
		{3C8F664A-B85A-4F53-87D9-AC3354085ED0}.Debug|Any CPU.ActiveCfg = Debug|Any CPU
		{3C8F664A-B85A-4F53-87D9-AC3354085ED0}.Debug|Any CPU.Build.0 = Debug|Any CPU
		{3C8F664A-B85A-4F53-87D9-AC3354085ED0}.Release|Any CPU.ActiveCfg = Release|Any CPU
		{3C8F664A-B85A-4F53-87D9-AC3354085ED0}.Release|Any CPU.Build.0 = Release|Any CPU
		{46E74C02-29FB-4EBB-945A-98DAD73AC1A8}.Debug|Any CPU.ActiveCfg = Debug|Any CPU
		{46E74C02-29FB-4EBB-945A-98DAD73AC1A8}.Debug|Any CPU.Build.0 = Debug|Any CPU
		{46E74C02-29FB-4EBB-945A-98DAD73AC1A8}.Release|Any CPU.ActiveCfg = Release|Any CPU
		{46E74C02-29FB-4EBB-945A-98DAD73AC1A8}.Release|Any CPU.Build.0 = Release|Any CPU
		{7E63B700-247D-4B3A-984F-0596EC30F261}.Debug|Any CPU.ActiveCfg = Debug|Any CPU
		{7E63B700-247D-4B3A-984F-0596EC30F261}.Debug|Any CPU.Build.0 = Debug|Any CPU
		{7E63B700-247D-4B3A-984F-0596EC30F261}.Release|Any CPU.ActiveCfg = Release|Any CPU
		{7E63B700-247D-4B3A-984F-0596EC30F261}.Release|Any CPU.Build.0 = Release|Any CPU
		{915E89EF-0C81-48F3-AB3F-E9567F355CFD}.Debug|Any CPU.ActiveCfg = Debug|Any CPU
		{915E89EF-0C81-48F3-AB3F-E9567F355CFD}.Debug|Any CPU.Build.0 = Debug|Any CPU
		{915E89EF-0C81-48F3-AB3F-E9567F355CFD}.Release|Any CPU.ActiveCfg = Release|Any CPU
		{915E89EF-0C81-48F3-AB3F-E9567F355CFD}.Release|Any CPU.Build.0 = Release|Any CPU
		{B45E2017-61F8-45A5-999A-43072C5A387F}.Debug|Any CPU.ActiveCfg = Debug|Any CPU
		{B45E2017-61F8-45A5-999A-43072C5A387F}.Debug|Any CPU.Build.0 = Debug|Any CPU
		{B45E2017-61F8-45A5-999A-43072C5A387F}.Release|Any CPU.ActiveCfg = Release|Any CPU
		{B45E2017-61F8-45A5-999A-43072C5A387F}.Release|Any CPU.Build.0 = Release|Any CPU
		{B8FD4A07-9E9D-46E7-97C4-0C61D5E30EC2}.Debug|Any CPU.ActiveCfg = Debug|Any CPU
		{B8FD4A07-9E9D-46E7-97C4-0C61D5E30EC2}.Debug|Any CPU.Build.0 = Debug|Any CPU
		{B8FD4A07-9E9D-46E7-97C4-0C61D5E30EC2}.Release|Any CPU.ActiveCfg = Release|Any CPU
		{B8FD4A07-9E9D-46E7-97C4-0C61D5E30EC2}.Release|Any CPU.Build.0 = Release|Any CPU
		{CD4CD358-D244-4380-ADCD-58847C0E1906}.Debug|Any CPU.ActiveCfg = Debug|Any CPU
		{CD4CD358-D244-4380-ADCD-58847C0E1906}.Debug|Any CPU.Build.0 = Debug|Any CPU
		{CD4CD358-D244-4380-ADCD-58847C0E1906}.Release|Any CPU.ActiveCfg = Release|Any CPU
		{CD4CD358-D244-4380-ADCD-58847C0E1906}.Release|Any CPU.Build.0 = Release|Any CPU
	EndGlobalSection
	GlobalSection(MonoDevelopProperties) = preSolution
		StartupItem = UProveSample\UProveSample.csproj
		Policies = $0
		$0.DotNetNamingPolicy = $1
		$1.DirectoryNamespaceAssociation = None
		$1.ResourceNamePolicy = FileFormatDefault
		$0.TextStylePolicy = $2
		$2.inheritsSet = null
		$2.scope = text/x-csharp
		$0.CSharpFormattingPolicy = $3
		$3.AfterDelegateDeclarationParameterComma = True
		$3.inheritsSet = Mono
		$3.inheritsScope = text/x-csharp
		$3.scope = text/x-csharp
		$0.TextStylePolicy = $4
		$4.FileWidth = 120
		$4.TabsToSpaces = False
		$4.inheritsSet = VisualStudio
		$4.inheritsScope = text/plain
		$4.scope = text/plain
		$0.TextStylePolicy = $5
		$5.inheritsSet = null
		$5.scope = text/html
		$0.StandardHeader = $6
		$6.Text = 
		$6.IncludeInNewFiles = True
		$0.NameConventionPolicy = $7
		$7.Rules = $8
		$8.NamingRule = $9
		$9.Name = Namespaces
		$9.AffectedEntity = Namespace
		$9.VisibilityMask = VisibilityMask
		$9.NamingStyle = PascalCase
		$9.IncludeInstanceMembers = True
		$9.IncludeStaticEntities = True
		$8.NamingRule = $10
		$10.Name = Types
		$10.AffectedEntity = Class, Struct, Enum, Delegate
		$10.VisibilityMask = Public
		$10.NamingStyle = PascalCase
		$10.IncludeInstanceMembers = True
		$10.IncludeStaticEntities = True
		$8.NamingRule = $11
		$11.Name = Interfaces
		$11.RequiredPrefixes = $12
		$12.String = I
		$11.AffectedEntity = Interface
		$11.VisibilityMask = Public
		$11.NamingStyle = PascalCase
		$11.IncludeInstanceMembers = True
		$11.IncludeStaticEntities = True
		$8.NamingRule = $13
		$13.Name = Attributes
		$13.RequiredSuffixes = $14
		$14.String = Attribute
		$13.AffectedEntity = CustomAttributes
		$13.VisibilityMask = Public
		$13.NamingStyle = PascalCase
		$13.IncludeInstanceMembers = True
		$13.IncludeStaticEntities = True
		$8.NamingRule = $15
		$15.Name = Event Arguments
		$15.RequiredSuffixes = $16
		$16.String = EventArgs
		$15.AffectedEntity = CustomEventArgs
		$15.VisibilityMask = Public
		$15.NamingStyle = PascalCase
		$15.IncludeInstanceMembers = True
		$15.IncludeStaticEntities = True
		$8.NamingRule = $17
		$17.Name = Exceptions
		$17.RequiredSuffixes = $18
		$18.String = Exception
		$17.AffectedEntity = CustomExceptions
		$17.VisibilityMask = VisibilityMask
		$17.NamingStyle = PascalCase
		$17.IncludeInstanceMembers = True
		$17.IncludeStaticEntities = True
		$8.NamingRule = $19
		$19.Name = Methods
		$19.AffectedEntity = Methods
		$19.VisibilityMask = Protected, Public
		$19.NamingStyle = PascalCase
		$19.IncludeInstanceMembers = True
		$19.IncludeStaticEntities = True
		$8.NamingRule = $20
		$20.Name = Static Readonly Fields
		$20.AffectedEntity = ReadonlyField
		$20.VisibilityMask = Protected, Public
		$20.NamingStyle = PascalCase
		$20.IncludeInstanceMembers = False
		$20.IncludeStaticEntities = True
		$8.NamingRule = $21
		$21.Name = Fields
		$21.AffectedEntity = Field
		$21.VisibilityMask = Protected, Public
		$21.NamingStyle = PascalCase
		$21.IncludeInstanceMembers = True
		$21.IncludeStaticEntities = True
		$8.NamingRule = $22
		$22.Name = ReadOnly Fields
		$22.AffectedEntity = ReadonlyField
		$22.VisibilityMask = Protected, Public
		$22.NamingStyle = PascalCase
		$22.IncludeInstanceMembers = True
		$22.IncludeStaticEntities = False
		$8.NamingRule = $23
		$23.Name = Constant Fields
		$23.AffectedEntity = ConstantField
		$23.VisibilityMask = Protected, Public
		$23.NamingStyle = PascalCase
		$23.IncludeInstanceMembers = True
		$23.IncludeStaticEntities = True
		$8.NamingRule = $24
		$24.Name = Properties
		$24.AffectedEntity = Property
		$24.VisibilityMask = Protected, Public
		$24.NamingStyle = PascalCase
		$24.IncludeInstanceMembers = True
		$24.IncludeStaticEntities = True
		$8.NamingRule = $25
		$25.Name = Events
		$25.AffectedEntity = Event
		$25.VisibilityMask = Protected, Public
		$25.NamingStyle = PascalCase
		$25.IncludeInstanceMembers = True
		$25.IncludeStaticEntities = True
		$8.NamingRule = $26
		$26.Name = Enum Members
		$26.AffectedEntity = EnumMember
		$26.VisibilityMask = VisibilityMask
		$26.NamingStyle = PascalCase
		$26.IncludeInstanceMembers = True
		$26.IncludeStaticEntities = True
		$8.NamingRule = $27
		$27.Name = Parameters
		$27.AffectedEntity = Parameter
		$27.VisibilityMask = VisibilityMask
		$27.NamingStyle = CamelCase
		$27.IncludeInstanceMembers = True
		$27.IncludeStaticEntities = True
		$8.NamingRule = $28
		$28.Name = Type Parameters
		$28.RequiredPrefixes = $29
		$29.String = T
		$28.AffectedEntity = TypeParameter
		$28.VisibilityMask = VisibilityMask
		$28.NamingStyle = PascalCase
		$28.IncludeInstanceMembers = True
		$28.IncludeStaticEntities = True
		$0.VersionControlPolicy = $30
		$30.inheritsSet = Mono
	EndGlobalSection
	GlobalSection(SolutionProperties) = preSolution
		HideSolutionNode = FALSE
	EndGlobalSection
EndGlobal
